
Microsoft Visual Studio Solution File, Format Version 12.00
# Visual Studio Version 17
VisualStudioVersion = 17.8.34525.116
MinimumVisualStudioVersion = 10.0.40219.1
Project("{FAE04EC0-301F-11D3-BF4B-00C04F79EFBC}") = "1-DigitalClock", "1-DigitalClock\1-DigitalClock.csproj", "{1C129AC1-DB18-4916-832C-ABB9DA337AE3}"
EndProject
Global
	GlobalSection(SolutionConfigurationPlatforms) = preSolution
		Debug|Any CPU = Debug|Any CPU
		Release|Any CPU = Release|Any CPU
	EndGlobalSection
	GlobalSection(ProjectConfigurationPlatforms) = postSolution
		{1C129AC1-DB18-4916-832C-ABB9DA337AE3}.Debug|Any CPU.ActiveCfg = Debug|Any CPU
		{1C129AC1-DB18-4916-832C-ABB9DA337AE3}.Debug|Any CPU.Build.0 = Debug|Any CPU
		{1C129AC1-DB18-4916-832C-ABB9DA337AE3}.Release|Any CPU.ActiveCfg = Release|Any CPU
		{1C129AC1-DB18-4916-832C-ABB9DA337AE3}.Release|Any CPU.Build.0 = Release|Any CPU
	EndGlobalSection
	GlobalSection(SolutionProperties) = preSolution
		HideSolutionNode = FALSE
	EndGlobalSection
	GlobalSection(ExtensibilityGlobals) = postSolution
		SolutionGuid = {41DB5C51-D4E1-466E-BE06-1B2BF002ADA6}
	EndGlobalSection
EndGlobal
